
Microsoft Visual Studio Solution File, Format Version 12.00
# Visual Studio Version 17
VisualStudioVersion = 17.4.33122.133
MinimumVisualStudioVersion = 10.0.40219.1
Project("{FAE04EC0-301F-11D3-BF4B-00C04F79EFBC}") = "ToDoApp.Performance.Tests.Runner", "ToDoApp.Performance.Tests.Runner\ToDoApp.Performance.Tests.Runner.csproj", "{1950B218-A84E-4BBF-BA84-ADCD4E6C09A9}"
EndProject
Global
	GlobalSection(SolutionConfigurationPlatforms) = preSolution
		Debug|Any CPU = Debug|Any CPU
		Release|Any CPU = Release|Any CPU
	EndGlobalSection
	GlobalSection(ProjectConfigurationPlatforms) = postSolution
		{1950B218-A84E-4BBF-BA84-ADCD4E6C09A9}.Debug|Any CPU.ActiveCfg = Debug|Any CPU
		{1950B218-A84E-4BBF-BA84-ADCD4E6C09A9}.Debug|Any CPU.Build.0 = Debug|Any CPU
		{1950B218-A84E-4BBF-BA84-ADCD4E6C09A9}.Release|Any CPU.ActiveCfg = Release|Any CPU
		{1950B218-A84E-4BBF-BA84-ADCD4E6C09A9}.Release|Any CPU.Build.0 = Release|Any CPU
	EndGlobalSection
	GlobalSection(SolutionProperties) = preSolution
		HideSolutionNode = FALSE
	EndGlobalSection
	GlobalSection(ExtensibilityGlobals) = postSolution
		SolutionGuid = {F0B6753B-D29B-416C-B63A-D5989445026B}
	EndGlobalSection
EndGlobal
