
Microsoft Visual Studio Solution File, Format Version 12.00
# Visual Studio Version 17
VisualStudioVersion = 17.4.33103.184
MinimumVisualStudioVersion = 10.0.40219.1
Project("{2150E333-8FDC-42A3-9474-1A3956D46DE8}") = "src", "src", "{693C6B8C-80AC-42FF-9DCD-1F70DD85679B}"
EndProject
Project("{2150E333-8FDC-42A3-9474-1A3956D46DE8}") = "tests", "tests", "{8FEE8AA7-6F2B-4900-B07E-80C4F33EB0E8}"
EndProject
Project("{2150E333-8FDC-42A3-9474-1A3956D46DE8}") = "Bootstrapper", "Bootstrapper", "{D3CA4608-10AF-4796-AA29-66EDC15840E6}"
EndProject
Project("{2150E333-8FDC-42A3-9474-1A3956D46DE8}") = "Modules", "Modules", "{3FEDF684-0465-4C63-829B-FE589EDC012F}"
EndProject
Project("{2150E333-8FDC-42A3-9474-1A3956D46DE8}") = "Shared", "Shared", "{1A1839D5-7E84-43CA-91E1-F0DDAF0288D7}"
EndProject
Project("{2150E333-8FDC-42A3-9474-1A3956D46DE8}") = "Tasks", "Tasks", "{30FC2DB9-4745-4E73-890A-3BE8BCD27401}"
EndProject
Project("{2150E333-8FDC-42A3-9474-1A3956D46DE8}") = "Users", "Users", "{786E2C95-D686-48E0-A88F-872DBB558D98}"
EndProject
Project("{9A19103F-16F7-4668-BE54-9A1E7A4F7556}") = "ToDoApp.Tests.EndToEnd", "tests\ToDoApp.Tests.EndToEnd\ToDoApp.Tests.EndToEnd.csproj", "{F955A2FD-7E5B-4739-B134-103EF62509B6}"
EndProject
Project("{9A19103F-16F7-4668-BE54-9A1E7A4F7556}") = "ToDoApp.Server.API", "src\Bootstrapper\ToDoApp.Server.API\ToDoApp.Server.API.csproj", "{1CFF4FCC-643A-4918-B1E1-980603B2B56D}"
EndProject
Project("{9A19103F-16F7-4668-BE54-9A1E7A4F7556}") = "ToDoApp.Client.Blazor", "src\Bootstrapper\ToDoApp.Client.Blazor\ToDoApp.Client.Blazor.csproj", "{CD52B11A-90BF-4D95-A158-208D1CDC049D}"
EndProject
Project("{9A19103F-16F7-4668-BE54-9A1E7A4F7556}") = "ToDoApp.Modules.Tasks.Domain", "src\Modules\Tasks\ToDoApp.Modules.Tasks.Domain\ToDoApp.Modules.Tasks.Domain.csproj", "{321B621F-1257-490A-9BBB-9361491F7826}"
EndProject
Project("{9A19103F-16F7-4668-BE54-9A1E7A4F7556}") = "ToDoApp.Modules.Tasks.Application", "src\Modules\Tasks\ToDoApp.Modules.Tasks.Application\ToDoApp.Modules.Tasks.Application.csproj", "{37FFBEC9-4B2C-4BEC-AC7E-638672C43505}"
EndProject
Project("{9A19103F-16F7-4668-BE54-9A1E7A4F7556}") = "ToDoApp.Modules.Tasks.Persistence", "src\Modules\Tasks\ToDoApp.Modules.Tasks.Persistence\ToDoApp.Modules.Tasks.Persistence.csproj", "{7AFF401A-E246-409C-B3A2-16E26CC96296}"
EndProject
Project("{9A19103F-16F7-4668-BE54-9A1E7A4F7556}") = "ToDoApp.Modules.Users.Application", "src\Modules\Users\ToDoApp.Modules.Users.Application\ToDoApp.Modules.Users.Application.csproj", "{DBE5B1A9-941E-4014-B22B-F47215B0C66C}"
EndProject
Project("{9A19103F-16F7-4668-BE54-9A1E7A4F7556}") = "ToDoApp.Modules.Users.Identity", "src\Modules\Users\ToDoApp.Modules.Users.Identity\ToDoApp.Modules.Users.Identity.csproj", "{D2091FAC-17B1-4D83-93F4-8FFBA8CC563D}"
EndProject
Project("{9A19103F-16F7-4668-BE54-9A1E7A4F7556}") = "ToDoApp.Modules.Users.Persistence", "src\Modules\Users\ToDoApp.Modules.Users.Persistence\ToDoApp.Modules.Users.Persistence.csproj", "{AF1FE6BA-C88D-47FA-BACA-5F422C518ABF}"
EndProject
Project("{9A19103F-16F7-4668-BE54-9A1E7A4F7556}") = "ToDoApp.Common", "src\Shared\ToDoApp.Common\ToDoApp.Common.csproj", "{E605EA4A-0B95-49A4-9EAC-923A5F0760BD}"
EndProject
Project("{2150E333-8FDC-42A3-9474-1A3956D46DE8}") = "Tests", "Tests", "{19D172A5-13DB-4CBB-B4C4-E1548A875C5B}"
EndProject
Project("{2150E333-8FDC-42A3-9474-1A3956D46DE8}") = "Tests", "Tests", "{77C98136-2C1E-4D62-8DF2-94311122D9C2}"
EndProject
Project("{9A19103F-16F7-4668-BE54-9A1E7A4F7556}") = "ToDoApp.Module.Tasks.Tests", "src\Modules\Tasks\Tests\ToDoApp.Module.Tasks.Tests\ToDoApp.Module.Tasks.Tests.csproj", "{56008EC9-9D23-4D0F-851F-35B3D9A35515}"
EndProject
Project("{9A19103F-16F7-4668-BE54-9A1E7A4F7556}") = "ToDoApp.Modules.Users.Tests", "src\Modules\Users\Tests\ToDoApp.Modules.Users.Tests\ToDoApp.Modules.Users.Tests.csproj", "{864EC1D5-CCAA-42C3-838D-4D58EEB8D6BD}"
EndProject
Project("{9A19103F-16F7-4668-BE54-9A1E7A4F7556}") = "ToDoApp.Modules.Tasks.API", "src\Modules\Tasks\ToDoApp.Modules.Tasks.API\ToDoApp.Modules.Tasks.API.csproj", "{1B043FB8-D4EE-473B-A223-27BF05CA70B5}"
EndProject
Project("{9A19103F-16F7-4668-BE54-9A1E7A4F7556}") = "ToDoApp.Modules.Users.API", "src\Modules\Users\ToDoApp.Modules.Users.API\ToDoApp.Modules.Users.API.csproj", "{B6822115-4308-4390-B252-6688DC5DE03D}"
EndProject
Global
	GlobalSection(SolutionConfigurationPlatforms) = preSolution
		Debug|Any CPU = Debug|Any CPU
		Release|Any CPU = Release|Any CPU
	EndGlobalSection
	GlobalSection(ProjectConfigurationPlatforms) = postSolution
		{F955A2FD-7E5B-4739-B134-103EF62509B6}.Debug|Any CPU.ActiveCfg = Debug|Any CPU
		{F955A2FD-7E5B-4739-B134-103EF62509B6}.Debug|Any CPU.Build.0 = Debug|Any CPU
		{F955A2FD-7E5B-4739-B134-103EF62509B6}.Release|Any CPU.ActiveCfg = Release|Any CPU
		{F955A2FD-7E5B-4739-B134-103EF62509B6}.Release|Any CPU.Build.0 = Release|Any CPU
		{1CFF4FCC-643A-4918-B1E1-980603B2B56D}.Debug|Any CPU.ActiveCfg = Debug|Any CPU
		{1CFF4FCC-643A-4918-B1E1-980603B2B56D}.Debug|Any CPU.Build.0 = Debug|Any CPU
		{1CFF4FCC-643A-4918-B1E1-980603B2B56D}.Release|Any CPU.ActiveCfg = Release|Any CPU
		{1CFF4FCC-643A-4918-B1E1-980603B2B56D}.Release|Any CPU.Build.0 = Release|Any CPU
		{CD52B11A-90BF-4D95-A158-208D1CDC049D}.Debug|Any CPU.ActiveCfg = Debug|Any CPU
		{CD52B11A-90BF-4D95-A158-208D1CDC049D}.Debug|Any CPU.Build.0 = Debug|Any CPU
		{CD52B11A-90BF-4D95-A158-208D1CDC049D}.Release|Any CPU.ActiveCfg = Release|Any CPU
		{CD52B11A-90BF-4D95-A158-208D1CDC049D}.Release|Any CPU.Build.0 = Release|Any CPU
		{321B621F-1257-490A-9BBB-9361491F7826}.Debug|Any CPU.ActiveCfg = Debug|Any CPU
		{321B621F-1257-490A-9BBB-9361491F7826}.Debug|Any CPU.Build.0 = Debug|Any CPU
		{321B621F-1257-490A-9BBB-9361491F7826}.Release|Any CPU.ActiveCfg = Release|Any CPU
		{321B621F-1257-490A-9BBB-9361491F7826}.Release|Any CPU.Build.0 = Release|Any CPU
		{37FFBEC9-4B2C-4BEC-AC7E-638672C43505}.Debug|Any CPU.ActiveCfg = Debug|Any CPU
		{37FFBEC9-4B2C-4BEC-AC7E-638672C43505}.Debug|Any CPU.Build.0 = Debug|Any CPU
		{37FFBEC9-4B2C-4BEC-AC7E-638672C43505}.Release|Any CPU.ActiveCfg = Release|Any CPU
		{37FFBEC9-4B2C-4BEC-AC7E-638672C43505}.Release|Any CPU.Build.0 = Release|Any CPU
		{7AFF401A-E246-409C-B3A2-16E26CC96296}.Debug|Any CPU.ActiveCfg = Debug|Any CPU
		{7AFF401A-E246-409C-B3A2-16E26CC96296}.Debug|Any CPU.Build.0 = Debug|Any CPU
		{7AFF401A-E246-409C-B3A2-16E26CC96296}.Release|Any CPU.ActiveCfg = Release|Any CPU
		{7AFF401A-E246-409C-B3A2-16E26CC96296}.Release|Any CPU.Build.0 = Release|Any CPU
		{DBE5B1A9-941E-4014-B22B-F47215B0C66C}.Debug|Any CPU.ActiveCfg = Debug|Any CPU
		{DBE5B1A9-941E-4014-B22B-F47215B0C66C}.Debug|Any CPU.Build.0 = Debug|Any CPU
		{DBE5B1A9-941E-4014-B22B-F47215B0C66C}.Release|Any CPU.ActiveCfg = Release|Any CPU
		{DBE5B1A9-941E-4014-B22B-F47215B0C66C}.Release|Any CPU.Build.0 = Release|Any CPU
		{D2091FAC-17B1-4D83-93F4-8FFBA8CC563D}.Debug|Any CPU.ActiveCfg = Debug|Any CPU
		{D2091FAC-17B1-4D83-93F4-8FFBA8CC563D}.Debug|Any CPU.Build.0 = Debug|Any CPU
		{D2091FAC-17B1-4D83-93F4-8FFBA8CC563D}.Release|Any CPU.ActiveCfg = Release|Any CPU
		{D2091FAC-17B1-4D83-93F4-8FFBA8CC563D}.Release|Any CPU.Build.0 = Release|Any CPU
		{AF1FE6BA-C88D-47FA-BACA-5F422C518ABF}.Debug|Any CPU.ActiveCfg = Debug|Any CPU
		{AF1FE6BA-C88D-47FA-BACA-5F422C518ABF}.Debug|Any CPU.Build.0 = Debug|Any CPU
		{AF1FE6BA-C88D-47FA-BACA-5F422C518ABF}.Release|Any CPU.ActiveCfg = Release|Any CPU
		{AF1FE6BA-C88D-47FA-BACA-5F422C518ABF}.Release|Any CPU.Build.0 = Release|Any CPU
		{E605EA4A-0B95-49A4-9EAC-923A5F0760BD}.Debug|Any CPU.ActiveCfg = Debug|Any CPU
		{E605EA4A-0B95-49A4-9EAC-923A5F0760BD}.Debug|Any CPU.Build.0 = Debug|Any CPU
		{E605EA4A-0B95-49A4-9EAC-923A5F0760BD}.Release|Any CPU.ActiveCfg = Release|Any CPU
		{E605EA4A-0B95-49A4-9EAC-923A5F0760BD}.Release|Any CPU.Build.0 = Release|Any CPU
		{56008EC9-9D23-4D0F-851F-35B3D9A35515}.Debug|Any CPU.ActiveCfg = Debug|Any CPU
		{56008EC9-9D23-4D0F-851F-35B3D9A35515}.Debug|Any CPU.Build.0 = Debug|Any CPU
		{56008EC9-9D23-4D0F-851F-35B3D9A35515}.Release|Any CPU.ActiveCfg = Release|Any CPU
		{56008EC9-9D23-4D0F-851F-35B3D9A35515}.Release|Any CPU.Build.0 = Release|Any CPU
		{864EC1D5-CCAA-42C3-838D-4D58EEB8D6BD}.Debug|Any CPU.ActiveCfg = Debug|Any CPU
		{864EC1D5-CCAA-42C3-838D-4D58EEB8D6BD}.Debug|Any CPU.Build.0 = Debug|Any CPU
		{864EC1D5-CCAA-42C3-838D-4D58EEB8D6BD}.Release|Any CPU.ActiveCfg = Release|Any CPU
		{864EC1D5-CCAA-42C3-838D-4D58EEB8D6BD}.Release|Any CPU.Build.0 = Release|Any CPU
		{1B043FB8-D4EE-473B-A223-27BF05CA70B5}.Debug|Any CPU.ActiveCfg = Debug|Any CPU
		{1B043FB8-D4EE-473B-A223-27BF05CA70B5}.Debug|Any CPU.Build.0 = Debug|Any CPU
		{1B043FB8-D4EE-473B-A223-27BF05CA70B5}.Release|Any CPU.ActiveCfg = Release|Any CPU
		{1B043FB8-D4EE-473B-A223-27BF05CA70B5}.Release|Any CPU.Build.0 = Release|Any CPU
		{B6822115-4308-4390-B252-6688DC5DE03D}.Debug|Any CPU.ActiveCfg = Debug|Any CPU
		{B6822115-4308-4390-B252-6688DC5DE03D}.Debug|Any CPU.Build.0 = Debug|Any CPU
		{B6822115-4308-4390-B252-6688DC5DE03D}.Release|Any CPU.ActiveCfg = Release|Any CPU
		{B6822115-4308-4390-B252-6688DC5DE03D}.Release|Any CPU.Build.0 = Release|Any CPU
	EndGlobalSection
	GlobalSection(SolutionProperties) = preSolution
		HideSolutionNode = FALSE
	EndGlobalSection
	GlobalSection(NestedProjects) = preSolution
		{D3CA4608-10AF-4796-AA29-66EDC15840E6} = {693C6B8C-80AC-42FF-9DCD-1F70DD85679B}
		{3FEDF684-0465-4C63-829B-FE589EDC012F} = {693C6B8C-80AC-42FF-9DCD-1F70DD85679B}
		{1A1839D5-7E84-43CA-91E1-F0DDAF0288D7} = {693C6B8C-80AC-42FF-9DCD-1F70DD85679B}
		{30FC2DB9-4745-4E73-890A-3BE8BCD27401} = {3FEDF684-0465-4C63-829B-FE589EDC012F}
		{786E2C95-D686-48E0-A88F-872DBB558D98} = {3FEDF684-0465-4C63-829B-FE589EDC012F}
		{F955A2FD-7E5B-4739-B134-103EF62509B6} = {8FEE8AA7-6F2B-4900-B07E-80C4F33EB0E8}
		{1CFF4FCC-643A-4918-B1E1-980603B2B56D} = {D3CA4608-10AF-4796-AA29-66EDC15840E6}
		{CD52B11A-90BF-4D95-A158-208D1CDC049D} = {D3CA4608-10AF-4796-AA29-66EDC15840E6}
		{321B621F-1257-490A-9BBB-9361491F7826} = {30FC2DB9-4745-4E73-890A-3BE8BCD27401}
		{37FFBEC9-4B2C-4BEC-AC7E-638672C43505} = {30FC2DB9-4745-4E73-890A-3BE8BCD27401}
		{7AFF401A-E246-409C-B3A2-16E26CC96296} = {30FC2DB9-4745-4E73-890A-3BE8BCD27401}
		{DBE5B1A9-941E-4014-B22B-F47215B0C66C} = {786E2C95-D686-48E0-A88F-872DBB558D98}
		{D2091FAC-17B1-4D83-93F4-8FFBA8CC563D} = {786E2C95-D686-48E0-A88F-872DBB558D98}
		{AF1FE6BA-C88D-47FA-BACA-5F422C518ABF} = {786E2C95-D686-48E0-A88F-872DBB558D98}
		{E605EA4A-0B95-49A4-9EAC-923A5F0760BD} = {1A1839D5-7E84-43CA-91E1-F0DDAF0288D7}
		{19D172A5-13DB-4CBB-B4C4-E1548A875C5B} = {30FC2DB9-4745-4E73-890A-3BE8BCD27401}
		{77C98136-2C1E-4D62-8DF2-94311122D9C2} = {786E2C95-D686-48E0-A88F-872DBB558D98}
		{56008EC9-9D23-4D0F-851F-35B3D9A35515} = {19D172A5-13DB-4CBB-B4C4-E1548A875C5B}
		{864EC1D5-CCAA-42C3-838D-4D58EEB8D6BD} = {77C98136-2C1E-4D62-8DF2-94311122D9C2}
		{1B043FB8-D4EE-473B-A223-27BF05CA70B5} = {30FC2DB9-4745-4E73-890A-3BE8BCD27401}
		{B6822115-4308-4390-B252-6688DC5DE03D} = {786E2C95-D686-48E0-A88F-872DBB558D98}
	EndGlobalSection
	GlobalSection(ExtensibilityGlobals) = postSolution
		SolutionGuid = {81D53214-F5EC-42B4-AEC0-9FD0F52391DB}
	EndGlobalSection
EndGlobal
