
Microsoft Visual Studio Solution File, Format Version 12.00
# Visual Studio Version 17
VisualStudioVersion = 17.4.33103.184
MinimumVisualStudioVersion = 10.0.40219.1
Project("{2150E333-8FDC-42A3-9474-1A3956D46DE8}") = "src", "src", "{693C6B8C-80AC-42FF-9DCD-1F70DD85679B}"
EndProject
Project("{2150E333-8FDC-42A3-9474-1A3956D46DE8}") = "tests", "tests", "{8FEE8AA7-6F2B-4900-B07E-80C4F33EB0E8}"
EndProject
Project("{2150E333-8FDC-42A3-9474-1A3956D46DE8}") = "Bootstrapper", "Bootstrapper", "{D3CA4608-10AF-4796-AA29-66EDC15840E6}"
EndProject
Project("{2150E333-8FDC-42A3-9474-1A3956D46DE8}") = "Modules", "Modules", "{3FEDF684-0465-4C63-829B-FE589EDC012F}"
EndProject
Project("{2150E333-8FDC-42A3-9474-1A3956D46DE8}") = "Shared", "Shared", "{1A1839D5-7E84-43CA-91E1-F0DDAF0288D7}"
EndProject
Project("{2150E333-8FDC-42A3-9474-1A3956D46DE8}") = "Tasks", "Tasks", "{30FC2DB9-4745-4E73-890A-3BE8BCD27401}"
EndProject
Project("{2150E333-8FDC-42A3-9474-1A3956D46DE8}") = "Users", "Users", "{786E2C95-D686-48E0-A88F-872DBB558D98}"
EndProject
Project("{9A19103F-16F7-4668-BE54-9A1E7A4F7556}") = "ToDoApp.Server.API", "src\Bootstrapper\ToDoApp.Server.API\ToDoApp.Server.API.csproj", "{1CFF4FCC-643A-4918-B1E1-980603B2B56D}"
EndProject
Project("{9A19103F-16F7-4668-BE54-9A1E7A4F7556}") = "ToDoApp.Client.Blazor", "src\Bootstrapper\ToDoApp.Client.Blazor\ToDoApp.Client.Blazor.csproj", "{CD52B11A-90BF-4D95-A158-208D1CDC049D}"
EndProject
Project("{9A19103F-16F7-4668-BE54-9A1E7A4F7556}") = "ToDoApp.Modules.Tasks.Domain", "src\Modules\Tasks\ToDoApp.Modules.Tasks.Domain\ToDoApp.Modules.Tasks.Domain.csproj", "{321B621F-1257-490A-9BBB-9361491F7826}"
EndProject
Project("{9A19103F-16F7-4668-BE54-9A1E7A4F7556}") = "ToDoApp.Modules.Tasks.Application", "src\Modules\Tasks\ToDoApp.Modules.Tasks.Application\ToDoApp.Modules.Tasks.Application.csproj", "{37FFBEC9-4B2C-4BEC-AC7E-638672C43505}"
EndProject
Project("{9A19103F-16F7-4668-BE54-9A1E7A4F7556}") = "ToDoApp.Modules.Tasks.Persistence", "src\Modules\Tasks\ToDoApp.Modules.Tasks.Persistence\ToDoApp.Modules.Tasks.Persistence.csproj", "{7AFF401A-E246-409C-B3A2-16E26CC96296}"
EndProject
Project("{9A19103F-16F7-4668-BE54-9A1E7A4F7556}") = "ToDoApp.Common", "src\Shared\ToDoApp.Common\ToDoApp.Common.csproj", "{E605EA4A-0B95-49A4-9EAC-923A5F0760BD}"
EndProject
Project("{2150E333-8FDC-42A3-9474-1A3956D46DE8}") = "Tests", "Tests", "{19D172A5-13DB-4CBB-B4C4-E1548A875C5B}"
EndProject
Project("{2150E333-8FDC-42A3-9474-1A3956D46DE8}") = "Tests", "Tests", "{77C98136-2C1E-4D62-8DF2-94311122D9C2}"
EndProject
Project("{9A19103F-16F7-4668-BE54-9A1E7A4F7556}") = "ToDoApp.Module.Tasks.Tests", "src\Modules\Tasks\Tests\ToDoApp.Module.Tasks.Tests\ToDoApp.Module.Tasks.Tests.csproj", "{56008EC9-9D23-4D0F-851F-35B3D9A35515}"
EndProject
Project("{9A19103F-16F7-4668-BE54-9A1E7A4F7556}") = "ToDoApp.Modules.Users.Tests", "src\Modules\Users\Tests\ToDoApp.Modules.Users.Tests\ToDoApp.Modules.Users.Tests.csproj", "{864EC1D5-CCAA-42C3-838D-4D58EEB8D6BD}"
EndProject
Project("{9A19103F-16F7-4668-BE54-9A1E7A4F7556}") = "ToDoApp.Modules.Tasks.API", "src\Modules\Tasks\ToDoApp.Modules.Tasks.API\ToDoApp.Modules.Tasks.API.csproj", "{1B043FB8-D4EE-473B-A223-27BF05CA70B5}"
EndProject
Project("{9A19103F-16F7-4668-BE54-9A1E7A4F7556}") = "ToDoApp.Modules.Users.API", "src\Modules\Users\ToDoApp.Modules.Users.API\ToDoApp.Modules.Users.API.csproj", "{B6822115-4308-4390-B252-6688DC5DE03D}"
EndProject
Project("{9A19103F-16F7-4668-BE54-9A1E7A4F7556}") = "ToDoApp.EventBus", "src\Shared\ToDoApp.EventBus\ToDoApp.EventBus.csproj", "{21B60517-561B-456A-BF39-E11EFE38589E}"
EndProject
Project("{9A19103F-16F7-4668-BE54-9A1E7A4F7556}") = "ToDoApp.EventBus.MassTransit", "src\Shared\ToDoApp.EventBus.MassTransit\ToDoApp.EventBus.MassTransit.csproj", "{1489F2C5-62BA-4290-94CC-350D1BD99D5D}"
EndProject
Project("{2150E333-8FDC-42A3-9474-1A3956D46DE8}") = "Emails", "Emails", "{BBAF3794-15DB-41F4-99E3-7BD52EB08A45}"
EndProject
Project("{9A19103F-16F7-4668-BE54-9A1E7A4F7556}") = "ToDoApp.Modules.Emails.API", "src\Modules\Emails\ToDoApp.Modules.Emails.API\ToDoApp.Modules.Emails.API.csproj", "{90C88F3F-DD7C-4D6C-9E10-A32160ED31E3}"
EndProject
Project("{2150E333-8FDC-42A3-9474-1A3956D46DE8}") = "Tests", "Tests", "{27C617F9-5472-4D63-B5E3-15F406A79C3F}"
EndProject
Project("{9A19103F-16F7-4668-BE54-9A1E7A4F7556}") = "ToDoApp.Modules.Emails.Domain", "src\Modules\Emails\ToDoApp.Modules.Emails.Domain\ToDoApp.Modules.Emails.Domain.csproj", "{7A971C55-A82C-404F-B663-13CCE6AF5BDD}"
EndProject
Project("{9A19103F-16F7-4668-BE54-9A1E7A4F7556}") = "ToDoApp.Modules.Emails.Application", "src\Modules\Emails\ToDoApp.Modules.Emails.Application\ToDoApp.Modules.Emails.Application.csproj", "{6F8C9CA4-4B6D-4BEA-93A1-BC33073FC74E}"
EndProject
Project("{9A19103F-16F7-4668-BE54-9A1E7A4F7556}") = "ToDoApp.Modules.Emails.Tests", "src\Modules\Emails\Tests\ToDoApp.Modules.Emails.Tests\ToDoApp.Modules.Emails.Tests.csproj", "{07E61277-D11F-4E12-B643-71484AF3EFC1}"
EndProject
Project("{9A19103F-16F7-4668-BE54-9A1E7A4F7556}") = "ToDoApp.Modules.Emails.Infrastructure", "src\Modules\Emails\ToDoApp.Modules.Emails.Infrastructure\ToDoApp.Modules.Emails.Infrastructure.csproj", "{FEBB55E3-BABE-47E1-95CE-8A56AB050FF1}"
EndProject
Project("{9A19103F-16F7-4668-BE54-9A1E7A4F7556}") = "ToDoApp.Common.Tests", "src\Shared\ToDoApp.Common.Tests\ToDoApp.Common.Tests.csproj", "{E8631DE3-109F-4C67-B754-906539DF9CB5}"
EndProject
Project("{9A19103F-16F7-4668-BE54-9A1E7A4F7556}") = "ToDoApp.Modules.Tasks.Infrastructure", "src\Modules\Tasks\ToDoApp.Modules.Tasks.Infrastructure\ToDoApp.Modules.Tasks.Infrastructure.csproj", "{61A36362-73BC-4A25-B10B-69D4B2352391}"
EndProject
Project("{9A19103F-16F7-4668-BE54-9A1E7A4F7556}") = "ToDoApp.SyncBus", "src\Shared\ToDoApp.SyncBus\ToDoApp.SyncBus.csproj", "{6B7F478A-9AD9-4238-920C-D53586415E0D}"
EndProject
Project("{9A19103F-16F7-4668-BE54-9A1E7A4F7556}") = "ToDoApp.EndToEnd.Tests", "tests\ToDoApp.EndToEnd.Tests\ToDoApp.EndToEnd.Tests.csproj", "{4444EB21-6E4B-4A99-A80C-3D50600637DC}"
EndProject
Project("{9A19103F-16F7-4668-BE54-9A1E7A4F7556}") = "ToDoApp.Architecture.Tests", "tests\ToDoApp.Architecture.Tests\ToDoApp.Architecture.Tests.csproj", "{7B30B3A3-DF43-4E4E-9E3F-3BBA5327F0AA}"
EndProject
Project("{FAE04EC0-301F-11D3-BF4B-00C04F79EFBC}") = "ToDoApp.Modules.Users.Contracts", "src\Modules\Users\ToDoApp.Modules.Users.Contracts\ToDoApp.Modules.Users.Contracts.csproj", "{39C7BD39-B248-468B-AF26-BDE930149072}"
EndProject
Project("{2150E333-8FDC-42A3-9474-1A3956D46DE8}") = "meta", "meta", "{02EA681E-C7D8-13C7-8484-4AC65E1B71E8}"
	ProjectSection(SolutionItems) = preProject
		Directory.Build.props = Directory.Build.props
	EndProjectSection
EndProject
Global
	GlobalSection(SolutionConfigurationPlatforms) = preSolution
		Debug|Any CPU = Debug|Any CPU
		Release|Any CPU = Release|Any CPU
	EndGlobalSection
	GlobalSection(ProjectConfigurationPlatforms) = postSolution
		{1CFF4FCC-643A-4918-B1E1-980603B2B56D}.Debug|Any CPU.ActiveCfg = Debug|Any CPU
		{1CFF4FCC-643A-4918-B1E1-980603B2B56D}.Debug|Any CPU.Build.0 = Debug|Any CPU
		{1CFF4FCC-643A-4918-B1E1-980603B2B56D}.Release|Any CPU.ActiveCfg = Release|Any CPU
		{1CFF4FCC-643A-4918-B1E1-980603B2B56D}.Release|Any CPU.Build.0 = Release|Any CPU
		{CD52B11A-90BF-4D95-A158-208D1CDC049D}.Debug|Any CPU.ActiveCfg = Debug|Any CPU
		{CD52B11A-90BF-4D95-A158-208D1CDC049D}.Debug|Any CPU.Build.0 = Debug|Any CPU
		{CD52B11A-90BF-4D95-A158-208D1CDC049D}.Release|Any CPU.ActiveCfg = Release|Any CPU
		{CD52B11A-90BF-4D95-A158-208D1CDC049D}.Release|Any CPU.Build.0 = Release|Any CPU
		{321B621F-1257-490A-9BBB-9361491F7826}.Debug|Any CPU.ActiveCfg = Debug|Any CPU
		{321B621F-1257-490A-9BBB-9361491F7826}.Debug|Any CPU.Build.0 = Debug|Any CPU
		{321B621F-1257-490A-9BBB-9361491F7826}.Release|Any CPU.ActiveCfg = Release|Any CPU
		{321B621F-1257-490A-9BBB-9361491F7826}.Release|Any CPU.Build.0 = Release|Any CPU
		{37FFBEC9-4B2C-4BEC-AC7E-638672C43505}.Debug|Any CPU.ActiveCfg = Debug|Any CPU
		{37FFBEC9-4B2C-4BEC-AC7E-638672C43505}.Debug|Any CPU.Build.0 = Debug|Any CPU
		{37FFBEC9-4B2C-4BEC-AC7E-638672C43505}.Release|Any CPU.ActiveCfg = Release|Any CPU
		{37FFBEC9-4B2C-4BEC-AC7E-638672C43505}.Release|Any CPU.Build.0 = Release|Any CPU
		{7AFF401A-E246-409C-B3A2-16E26CC96296}.Debug|Any CPU.ActiveCfg = Debug|Any CPU
		{7AFF401A-E246-409C-B3A2-16E26CC96296}.Debug|Any CPU.Build.0 = Debug|Any CPU
		{7AFF401A-E246-409C-B3A2-16E26CC96296}.Release|Any CPU.ActiveCfg = Release|Any CPU
		{7AFF401A-E246-409C-B3A2-16E26CC96296}.Release|Any CPU.Build.0 = Release|Any CPU
		{E605EA4A-0B95-49A4-9EAC-923A5F0760BD}.Debug|Any CPU.ActiveCfg = Debug|Any CPU
		{E605EA4A-0B95-49A4-9EAC-923A5F0760BD}.Debug|Any CPU.Build.0 = Debug|Any CPU
		{E605EA4A-0B95-49A4-9EAC-923A5F0760BD}.Release|Any CPU.ActiveCfg = Release|Any CPU
		{E605EA4A-0B95-49A4-9EAC-923A5F0760BD}.Release|Any CPU.Build.0 = Release|Any CPU
		{56008EC9-9D23-4D0F-851F-35B3D9A35515}.Debug|Any CPU.ActiveCfg = Debug|Any CPU
		{56008EC9-9D23-4D0F-851F-35B3D9A35515}.Debug|Any CPU.Build.0 = Debug|Any CPU
		{56008EC9-9D23-4D0F-851F-35B3D9A35515}.Release|Any CPU.ActiveCfg = Release|Any CPU
		{56008EC9-9D23-4D0F-851F-35B3D9A35515}.Release|Any CPU.Build.0 = Release|Any CPU
		{864EC1D5-CCAA-42C3-838D-4D58EEB8D6BD}.Debug|Any CPU.ActiveCfg = Debug|Any CPU
		{864EC1D5-CCAA-42C3-838D-4D58EEB8D6BD}.Debug|Any CPU.Build.0 = Debug|Any CPU
		{864EC1D5-CCAA-42C3-838D-4D58EEB8D6BD}.Release|Any CPU.ActiveCfg = Release|Any CPU
		{864EC1D5-CCAA-42C3-838D-4D58EEB8D6BD}.Release|Any CPU.Build.0 = Release|Any CPU
		{1B043FB8-D4EE-473B-A223-27BF05CA70B5}.Debug|Any CPU.ActiveCfg = Debug|Any CPU
		{1B043FB8-D4EE-473B-A223-27BF05CA70B5}.Debug|Any CPU.Build.0 = Debug|Any CPU
		{1B043FB8-D4EE-473B-A223-27BF05CA70B5}.Release|Any CPU.ActiveCfg = Release|Any CPU
		{1B043FB8-D4EE-473B-A223-27BF05CA70B5}.Release|Any CPU.Build.0 = Release|Any CPU
		{B6822115-4308-4390-B252-6688DC5DE03D}.Debug|Any CPU.ActiveCfg = Debug|Any CPU
		{B6822115-4308-4390-B252-6688DC5DE03D}.Debug|Any CPU.Build.0 = Debug|Any CPU
		{B6822115-4308-4390-B252-6688DC5DE03D}.Release|Any CPU.ActiveCfg = Release|Any CPU
		{B6822115-4308-4390-B252-6688DC5DE03D}.Release|Any CPU.Build.0 = Release|Any CPU
		{21B60517-561B-456A-BF39-E11EFE38589E}.Debug|Any CPU.ActiveCfg = Debug|Any CPU
		{21B60517-561B-456A-BF39-E11EFE38589E}.Debug|Any CPU.Build.0 = Debug|Any CPU
		{21B60517-561B-456A-BF39-E11EFE38589E}.Release|Any CPU.ActiveCfg = Release|Any CPU
		{21B60517-561B-456A-BF39-E11EFE38589E}.Release|Any CPU.Build.0 = Release|Any CPU
		{1489F2C5-62BA-4290-94CC-350D1BD99D5D}.Debug|Any CPU.ActiveCfg = Debug|Any CPU
		{1489F2C5-62BA-4290-94CC-350D1BD99D5D}.Debug|Any CPU.Build.0 = Debug|Any CPU
		{1489F2C5-62BA-4290-94CC-350D1BD99D5D}.Release|Any CPU.ActiveCfg = Release|Any CPU
		{1489F2C5-62BA-4290-94CC-350D1BD99D5D}.Release|Any CPU.Build.0 = Release|Any CPU
		{90C88F3F-DD7C-4D6C-9E10-A32160ED31E3}.Debug|Any CPU.ActiveCfg = Debug|Any CPU
		{90C88F3F-DD7C-4D6C-9E10-A32160ED31E3}.Debug|Any CPU.Build.0 = Debug|Any CPU
		{90C88F3F-DD7C-4D6C-9E10-A32160ED31E3}.Release|Any CPU.ActiveCfg = Release|Any CPU
		{90C88F3F-DD7C-4D6C-9E10-A32160ED31E3}.Release|Any CPU.Build.0 = Release|Any CPU
		{7A971C55-A82C-404F-B663-13CCE6AF5BDD}.Debug|Any CPU.ActiveCfg = Debug|Any CPU
		{7A971C55-A82C-404F-B663-13CCE6AF5BDD}.Debug|Any CPU.Build.0 = Debug|Any CPU
		{7A971C55-A82C-404F-B663-13CCE6AF5BDD}.Release|Any CPU.ActiveCfg = Release|Any CPU
		{7A971C55-A82C-404F-B663-13CCE6AF5BDD}.Release|Any CPU.Build.0 = Release|Any CPU
		{6F8C9CA4-4B6D-4BEA-93A1-BC33073FC74E}.Debug|Any CPU.ActiveCfg = Debug|Any CPU
		{6F8C9CA4-4B6D-4BEA-93A1-BC33073FC74E}.Debug|Any CPU.Build.0 = Debug|Any CPU
		{6F8C9CA4-4B6D-4BEA-93A1-BC33073FC74E}.Release|Any CPU.ActiveCfg = Release|Any CPU
		{6F8C9CA4-4B6D-4BEA-93A1-BC33073FC74E}.Release|Any CPU.Build.0 = Release|Any CPU
		{07E61277-D11F-4E12-B643-71484AF3EFC1}.Debug|Any CPU.ActiveCfg = Debug|Any CPU
		{07E61277-D11F-4E12-B643-71484AF3EFC1}.Debug|Any CPU.Build.0 = Debug|Any CPU
		{07E61277-D11F-4E12-B643-71484AF3EFC1}.Release|Any CPU.ActiveCfg = Release|Any CPU
		{07E61277-D11F-4E12-B643-71484AF3EFC1}.Release|Any CPU.Build.0 = Release|Any CPU
		{FEBB55E3-BABE-47E1-95CE-8A56AB050FF1}.Debug|Any CPU.ActiveCfg = Debug|Any CPU
		{FEBB55E3-BABE-47E1-95CE-8A56AB050FF1}.Debug|Any CPU.Build.0 = Debug|Any CPU
		{FEBB55E3-BABE-47E1-95CE-8A56AB050FF1}.Release|Any CPU.ActiveCfg = Release|Any CPU
		{FEBB55E3-BABE-47E1-95CE-8A56AB050FF1}.Release|Any CPU.Build.0 = Release|Any CPU
		{E8631DE3-109F-4C67-B754-906539DF9CB5}.Debug|Any CPU.ActiveCfg = Debug|Any CPU
		{E8631DE3-109F-4C67-B754-906539DF9CB5}.Debug|Any CPU.Build.0 = Debug|Any CPU
		{E8631DE3-109F-4C67-B754-906539DF9CB5}.Release|Any CPU.ActiveCfg = Release|Any CPU
		{E8631DE3-109F-4C67-B754-906539DF9CB5}.Release|Any CPU.Build.0 = Release|Any CPU
		{61A36362-73BC-4A25-B10B-69D4B2352391}.Debug|Any CPU.ActiveCfg = Debug|Any CPU
		{61A36362-73BC-4A25-B10B-69D4B2352391}.Debug|Any CPU.Build.0 = Debug|Any CPU
		{61A36362-73BC-4A25-B10B-69D4B2352391}.Release|Any CPU.ActiveCfg = Release|Any CPU
		{61A36362-73BC-4A25-B10B-69D4B2352391}.Release|Any CPU.Build.0 = Release|Any CPU
		{6B7F478A-9AD9-4238-920C-D53586415E0D}.Debug|Any CPU.ActiveCfg = Debug|Any CPU
		{6B7F478A-9AD9-4238-920C-D53586415E0D}.Debug|Any CPU.Build.0 = Debug|Any CPU
		{6B7F478A-9AD9-4238-920C-D53586415E0D}.Release|Any CPU.ActiveCfg = Release|Any CPU
		{6B7F478A-9AD9-4238-920C-D53586415E0D}.Release|Any CPU.Build.0 = Release|Any CPU
		{4444EB21-6E4B-4A99-A80C-3D50600637DC}.Debug|Any CPU.ActiveCfg = Debug|Any CPU
		{4444EB21-6E4B-4A99-A80C-3D50600637DC}.Debug|Any CPU.Build.0 = Debug|Any CPU
		{4444EB21-6E4B-4A99-A80C-3D50600637DC}.Release|Any CPU.ActiveCfg = Release|Any CPU
		{4444EB21-6E4B-4A99-A80C-3D50600637DC}.Release|Any CPU.Build.0 = Release|Any CPU
		{7B30B3A3-DF43-4E4E-9E3F-3BBA5327F0AA}.Debug|Any CPU.ActiveCfg = Debug|Any CPU
		{7B30B3A3-DF43-4E4E-9E3F-3BBA5327F0AA}.Debug|Any CPU.Build.0 = Debug|Any CPU
		{7B30B3A3-DF43-4E4E-9E3F-3BBA5327F0AA}.Release|Any CPU.ActiveCfg = Release|Any CPU
		{7B30B3A3-DF43-4E4E-9E3F-3BBA5327F0AA}.Release|Any CPU.Build.0 = Release|Any CPU
		{39C7BD39-B248-468B-AF26-BDE930149072}.Debug|Any CPU.ActiveCfg = Debug|Any CPU
		{39C7BD39-B248-468B-AF26-BDE930149072}.Debug|Any CPU.Build.0 = Debug|Any CPU
		{39C7BD39-B248-468B-AF26-BDE930149072}.Release|Any CPU.ActiveCfg = Release|Any CPU
		{39C7BD39-B248-468B-AF26-BDE930149072}.Release|Any CPU.Build.0 = Release|Any CPU
	EndGlobalSection
	GlobalSection(SolutionProperties) = preSolution
		HideSolutionNode = FALSE
	EndGlobalSection
	GlobalSection(NestedProjects) = preSolution
		{D3CA4608-10AF-4796-AA29-66EDC15840E6} = {693C6B8C-80AC-42FF-9DCD-1F70DD85679B}
		{3FEDF684-0465-4C63-829B-FE589EDC012F} = {693C6B8C-80AC-42FF-9DCD-1F70DD85679B}
		{1A1839D5-7E84-43CA-91E1-F0DDAF0288D7} = {693C6B8C-80AC-42FF-9DCD-1F70DD85679B}
		{30FC2DB9-4745-4E73-890A-3BE8BCD27401} = {3FEDF684-0465-4C63-829B-FE589EDC012F}
		{786E2C95-D686-48E0-A88F-872DBB558D98} = {3FEDF684-0465-4C63-829B-FE589EDC012F}
		{1CFF4FCC-643A-4918-B1E1-980603B2B56D} = {D3CA4608-10AF-4796-AA29-66EDC15840E6}
		{CD52B11A-90BF-4D95-A158-208D1CDC049D} = {D3CA4608-10AF-4796-AA29-66EDC15840E6}
		{321B621F-1257-490A-9BBB-9361491F7826} = {30FC2DB9-4745-4E73-890A-3BE8BCD27401}
		{37FFBEC9-4B2C-4BEC-AC7E-638672C43505} = {30FC2DB9-4745-4E73-890A-3BE8BCD27401}
		{7AFF401A-E246-409C-B3A2-16E26CC96296} = {30FC2DB9-4745-4E73-890A-3BE8BCD27401}
		{E605EA4A-0B95-49A4-9EAC-923A5F0760BD} = {1A1839D5-7E84-43CA-91E1-F0DDAF0288D7}
		{19D172A5-13DB-4CBB-B4C4-E1548A875C5B} = {30FC2DB9-4745-4E73-890A-3BE8BCD27401}
		{77C98136-2C1E-4D62-8DF2-94311122D9C2} = {786E2C95-D686-48E0-A88F-872DBB558D98}
		{56008EC9-9D23-4D0F-851F-35B3D9A35515} = {19D172A5-13DB-4CBB-B4C4-E1548A875C5B}
		{864EC1D5-CCAA-42C3-838D-4D58EEB8D6BD} = {77C98136-2C1E-4D62-8DF2-94311122D9C2}
		{1B043FB8-D4EE-473B-A223-27BF05CA70B5} = {30FC2DB9-4745-4E73-890A-3BE8BCD27401}
		{B6822115-4308-4390-B252-6688DC5DE03D} = {786E2C95-D686-48E0-A88F-872DBB558D98}
		{21B60517-561B-456A-BF39-E11EFE38589E} = {1A1839D5-7E84-43CA-91E1-F0DDAF0288D7}
		{1489F2C5-62BA-4290-94CC-350D1BD99D5D} = {1A1839D5-7E84-43CA-91E1-F0DDAF0288D7}
		{BBAF3794-15DB-41F4-99E3-7BD52EB08A45} = {3FEDF684-0465-4C63-829B-FE589EDC012F}
		{90C88F3F-DD7C-4D6C-9E10-A32160ED31E3} = {BBAF3794-15DB-41F4-99E3-7BD52EB08A45}
		{27C617F9-5472-4D63-B5E3-15F406A79C3F} = {BBAF3794-15DB-41F4-99E3-7BD52EB08A45}
		{7A971C55-A82C-404F-B663-13CCE6AF5BDD} = {BBAF3794-15DB-41F4-99E3-7BD52EB08A45}
		{6F8C9CA4-4B6D-4BEA-93A1-BC33073FC74E} = {BBAF3794-15DB-41F4-99E3-7BD52EB08A45}
		{07E61277-D11F-4E12-B643-71484AF3EFC1} = {27C617F9-5472-4D63-B5E3-15F406A79C3F}
		{FEBB55E3-BABE-47E1-95CE-8A56AB050FF1} = {BBAF3794-15DB-41F4-99E3-7BD52EB08A45}
		{E8631DE3-109F-4C67-B754-906539DF9CB5} = {1A1839D5-7E84-43CA-91E1-F0DDAF0288D7}
		{61A36362-73BC-4A25-B10B-69D4B2352391} = {30FC2DB9-4745-4E73-890A-3BE8BCD27401}
		{6B7F478A-9AD9-4238-920C-D53586415E0D} = {1A1839D5-7E84-43CA-91E1-F0DDAF0288D7}
		{4444EB21-6E4B-4A99-A80C-3D50600637DC} = {8FEE8AA7-6F2B-4900-B07E-80C4F33EB0E8}
		{7B30B3A3-DF43-4E4E-9E3F-3BBA5327F0AA} = {8FEE8AA7-6F2B-4900-B07E-80C4F33EB0E8}
		{39C7BD39-B248-468B-AF26-BDE930149072} = {786E2C95-D686-48E0-A88F-872DBB558D98}
	EndGlobalSection
	GlobalSection(ExtensibilityGlobals) = postSolution
		SolutionGuid = {81D53214-F5EC-42B4-AEC0-9FD0F52391DB}
	EndGlobalSection
EndGlobal
